# THIS IS AN AUTOGENERATED FILE. DO NOT EDIT THIS FILE DIRECTLY.
# yarn lockfile v1


react-hook-form@^6.11.0:
  version "6.11.0"
  resolved "https://registry.yarnpkg.com/react-hook-form/-/react-hook-form-6.11.0.tgz#db041861414799e002ea482e54da6f9bc452f1b0"
  integrity sha512-YoiNCKSfrLv0CCK9fiVorNt1YM5xOV4Fo+O3e3CphS6N4xrXah3rJo1YIA34qSbIJwXgcsS2WOIb2K/Wb6e56A==
